# ezmk.lock — AUTO-GENERATED by ezmk. Do not edit manually.
# Generated by: ezmk 1.2.1

[metadata]
version = 1
generated_by = "ezmk 1.2.1"
generated_at = "2026-08-18T18:55:14Z"
toolchain = "gcc"
toolchain_version = "g++ (Rev5, Built by MSYS2 project) 16.1.0"
direct_deps = ["catch2"]

[[packages]]
name = "catch2"
version = "3.6.0"
source = ""
source_url = ""
sha256 = "2644579de768d7ad47e082990a1cb63fa42fa874d0b6552efbcbf9f8fbf14fbc"
type = "static"
scope = "project"
platform = "windows_x86_64_gcc"
dependencies = []

